
Microsoft Visual Studio Solution File, Format Version 12.00
# Visual Studio 15
VisualStudioVersion = 15.0.27004.2010
MinimumVisualStudioVersion = 10.0.40219.1
Project("{FAE04EC0-301F-11D3-BF4B-00C04F79EFBC}") = "TejaTestJenkins", "TejaTestJenkins\TejaTestJenkins.csproj", "{2EC6827E-6330-473D-9258-317B4F58A48F}"
EndProject
Global
	GlobalSection(SolutionConfigurationPlatforms) = preSolution
		Debug|Any CPU = Debug|Any CPU
		Release|Any CPU = Release|Any CPU
	EndGlobalSection
	GlobalSection(ProjectConfigurationPlatforms) = postSolution
		{2EC6827E-6330-473D-9258-317B4F58A48F}.Debug|Any CPU.ActiveCfg = Debug|Any CPU
		{2EC6827E-6330-473D-9258-317B4F58A48F}.Debug|Any CPU.Build.0 = Debug|Any CPU
		{2EC6827E-6330-473D-9258-317B4F58A48F}.Release|Any CPU.ActiveCfg = Release|Any CPU
		{2EC6827E-6330-473D-9258-317B4F58A48F}.Release|Any CPU.Build.0 = Release|Any CPU
	EndGlobalSection
	GlobalSection(SolutionProperties) = preSolution
		HideSolutionNode = FALSE
	EndGlobalSection
	GlobalSection(ExtensibilityGlobals) = postSolution
		SolutionGuid = {C15D51EA-B3D9-4991-9DF4-FFAB55C70F24}
	EndGlobalSection
EndGlobal
